
Microsoft Visual Studio Solution File, Format Version 12.00
# Visual Studio Version 17
VisualStudioVersion = 17.10.35013.160
MinimumVisualStudioVersion = 10.0.40219.1
Project("{FAE04EC0-301F-11D3-BF4B-00C04F79EFBC}") = "RBkonuk", "RBkonuk\RBkonuk.csproj", "{CBFFE713-BD38-40C9-9790-7F335B5719E5}"
EndProject
Global
	GlobalSection(SolutionConfigurationPlatforms) = preSolution
		Debug|Any CPU = Debug|Any CPU
		Release|Any CPU = Release|Any CPU
	EndGlobalSection
	GlobalSection(ProjectConfigurationPlatforms) = postSolution
		{CBFFE713-BD38-40C9-9790-7F335B5719E5}.Debug|Any CPU.ActiveCfg = Debug|Any CPU
		{CBFFE713-BD38-40C9-9790-7F335B5719E5}.Debug|Any CPU.Build.0 = Debug|Any CPU
		{CBFFE713-BD38-40C9-9790-7F335B5719E5}.Release|Any CPU.ActiveCfg = Release|Any CPU
		{CBFFE713-BD38-40C9-9790-7F335B5719E5}.Release|Any CPU.Build.0 = Release|Any CPU
	EndGlobalSection
	GlobalSection(SolutionProperties) = preSolution
		HideSolutionNode = FALSE
	EndGlobalSection
	GlobalSection(ExtensibilityGlobals) = postSolution
		SolutionGuid = {FFB10FF9-80A1-40AA-AB23-3BB76CA5EB3C}
	EndGlobalSection
EndGlobal
